
Microsoft Visual Studio Solution File, Format Version 12.00
# Visual Studio Version 17
VisualStudioVersion = 17.14.36717.8
MinimumVisualStudioVersion = 10.0.40219.1
Project("{2150E333-8FDC-42A3-9474-1A3956D46DE8}") = "Task0", "Task0", "{02EA681E-C7D8-13C7-8484-4AC65E1B71E8}"
EndProject
Project("{FAE04EC0-301F-11D3-BF4B-00C04F79EFBC}") = "Tyuiu.MatveevaAA.Sprint4.Task0.V13", "Tyuiu.MatveevaAA.Sprint4.Task0.V13\Tyuiu.MatveevaAA.Sprint4.Task0.V13.csproj", "{48D41F14-B752-4081-87B2-A649728AB0B4}"
EndProject
Project("{FAE04EC0-301F-11D3-BF4B-00C04F79EFBC}") = "Tyuiu.MatveevaAA.Sprint4.Task0.V13.Lib", "Tyuiu.MatveevaAA.Sprint4.Task0.V13.Lib\Tyuiu.MatveevaAA.Sprint4.Task0.V13.Lib.csproj", "{57BD2296-C4A2-43F1-BFB5-ADB917D905B2}"
EndProject
Project("{FAE04EC0-301F-11D3-BF4B-00C04F79EFBC}") = "Tyuiu.MatveevaAA.Sprint4.Task0.V13.Test", "Tyuiu.MatveevaAA.Sprint4.Task0.V13.Test\Tyuiu.MatveevaAA.Sprint4.Task0.V13.Test.csproj", "{C3C2ECF3-3C96-45DD-ACB7-1233389034EA}"
EndProject
Project("{2150E333-8FDC-42A3-9474-1A3956D46DE8}") = "Task1", "Task1", "{3ED486F7-CA64-4792-924A-F072BAF9BC63}"
EndProject
Project("{FAE04EC0-301F-11D3-BF4B-00C04F79EFBC}") = "Tyuiu.MatveevaAA.Sprint4.Task1.V1", "Tyuiu.MatveevaAA.Sprint4.Task1.V1\Tyuiu.MatveevaAA.Sprint4.Task1.V1.csproj", "{5FFA8688-ED7E-43F5-98AC-2B9B01FED52E}"
EndProject
Project("{FAE04EC0-301F-11D3-BF4B-00C04F79EFBC}") = "Tyuiu.MatveevaAA.Sprint4.Task1.V1.Test", "Tyuiu.MatveevaAA.Sprint4.Task1.V1.Test\Tyuiu.MatveevaAA.Sprint4.Task1.V1.Test.csproj", "{65E2120A-F98B-428E-A175-85488B735741}"
EndProject
Project("{FAE04EC0-301F-11D3-BF4B-00C04F79EFBC}") = "Tyuiu.MatveevaAA.Sprint4.Task1.V1.Lib", "Tyuiu.MatveevaAA.Sprint4.Task1.V1.Lib\Tyuiu.MatveevaAA.Sprint4.Task1.V1.Lib.csproj", "{1B23AF94-E249-4466-92E2-18AB74551BAE}"
EndProject
Global
	GlobalSection(SolutionConfigurationPlatforms) = preSolution
		Debug|Any CPU = Debug|Any CPU
		Release|Any CPU = Release|Any CPU
	EndGlobalSection
	GlobalSection(ProjectConfigurationPlatforms) = postSolution
		{48D41F14-B752-4081-87B2-A649728AB0B4}.Debug|Any CPU.ActiveCfg = Debug|Any CPU
		{48D41F14-B752-4081-87B2-A649728AB0B4}.Debug|Any CPU.Build.0 = Debug|Any CPU
		{48D41F14-B752-4081-87B2-A649728AB0B4}.Release|Any CPU.ActiveCfg = Release|Any CPU
		{48D41F14-B752-4081-87B2-A649728AB0B4}.Release|Any CPU.Build.0 = Release|Any CPU
		{57BD2296-C4A2-43F1-BFB5-ADB917D905B2}.Debug|Any CPU.ActiveCfg = Debug|Any CPU
		{57BD2296-C4A2-43F1-BFB5-ADB917D905B2}.Debug|Any CPU.Build.0 = Debug|Any CPU
		{57BD2296-C4A2-43F1-BFB5-ADB917D905B2}.Release|Any CPU.ActiveCfg = Release|Any CPU
		{57BD2296-C4A2-43F1-BFB5-ADB917D905B2}.Release|Any CPU.Build.0 = Release|Any CPU
		{C3C2ECF3-3C96-45DD-ACB7-1233389034EA}.Debug|Any CPU.ActiveCfg = Debug|Any CPU
		{C3C2ECF3-3C96-45DD-ACB7-1233389034EA}.Debug|Any CPU.Build.0 = Debug|Any CPU
		{C3C2ECF3-3C96-45DD-ACB7-1233389034EA}.Release|Any CPU.ActiveCfg = Release|Any CPU
		{C3C2ECF3-3C96-45DD-ACB7-1233389034EA}.Release|Any CPU.Build.0 = Release|Any CPU
		{5FFA8688-ED7E-43F5-98AC-2B9B01FED52E}.Debug|Any CPU.ActiveCfg = Debug|Any CPU
		{5FFA8688-ED7E-43F5-98AC-2B9B01FED52E}.Debug|Any CPU.Build.0 = Debug|Any CPU
		{5FFA8688-ED7E-43F5-98AC-2B9B01FED52E}.Release|Any CPU.ActiveCfg = Release|Any CPU
		{5FFA8688-ED7E-43F5-98AC-2B9B01FED52E}.Release|Any CPU.Build.0 = Release|Any CPU
		{65E2120A-F98B-428E-A175-85488B735741}.Debug|Any CPU.ActiveCfg = Debug|Any CPU
		{65E2120A-F98B-428E-A175-85488B735741}.Debug|Any CPU.Build.0 = Debug|Any CPU
		{65E2120A-F98B-428E-A175-85488B735741}.Release|Any CPU.ActiveCfg = Release|Any CPU
		{65E2120A-F98B-428E-A175-85488B735741}.Release|Any CPU.Build.0 = Release|Any CPU
		{1B23AF94-E249-4466-92E2-18AB74551BAE}.Debug|Any CPU.ActiveCfg = Debug|Any CPU
		{1B23AF94-E249-4466-92E2-18AB74551BAE}.Debug|Any CPU.Build.0 = Debug|Any CPU
		{1B23AF94-E249-4466-92E2-18AB74551BAE}.Release|Any CPU.ActiveCfg = Release|Any CPU
		{1B23AF94-E249-4466-92E2-18AB74551BAE}.Release|Any CPU.Build.0 = Release|Any CPU
	EndGlobalSection
	GlobalSection(SolutionProperties) = preSolution
		HideSolutionNode = FALSE
	EndGlobalSection
	GlobalSection(NestedProjects) = preSolution
		{48D41F14-B752-4081-87B2-A649728AB0B4} = {02EA681E-C7D8-13C7-8484-4AC65E1B71E8}
		{57BD2296-C4A2-43F1-BFB5-ADB917D905B2} = {02EA681E-C7D8-13C7-8484-4AC65E1B71E8}
		{C3C2ECF3-3C96-45DD-ACB7-1233389034EA} = {02EA681E-C7D8-13C7-8484-4AC65E1B71E8}
		{5FFA8688-ED7E-43F5-98AC-2B9B01FED52E} = {3ED486F7-CA64-4792-924A-F072BAF9BC63}
		{65E2120A-F98B-428E-A175-85488B735741} = {3ED486F7-CA64-4792-924A-F072BAF9BC63}
		{1B23AF94-E249-4466-92E2-18AB74551BAE} = {3ED486F7-CA64-4792-924A-F072BAF9BC63}
	EndGlobalSection
	GlobalSection(ExtensibilityGlobals) = postSolution
		SolutionGuid = {32AB84CC-30E0-4423-B8CC-9CB140200F5A}
	EndGlobalSection
EndGlobal
